// !$*UTF8*$!
{
	archiveVersion = 1;
	classes = {
	};
	objectVersion = 46;
	objects = {

/* Begin PBXBuildFile section */
		B6E941061C52816A00E853C0 /* Mockin.h in Headers */ = {isa = PBXBuildFile; fileRef = B6E941051C52816A00E853C0 /* Mockin.h */; settings = {ATTRIBUTES = (Public, ); }; };
		B6E9410D1C52816A00E853C0 /* Mockin.framework in Frameworks */ = {isa = PBXBuildFile; fileRef = B6E941021C52816A00E853C0 /* Mockin.framework */; };
		B6E941121C52816A00E853C0 /* MockinTests.swift in Sources */ = {isa = PBXBuildFile; fileRef = B6E941111C52816A00E853C0 /* MockinTests.swift */; };
		B6E9411D1C52817B00E853C0 /* Mock.swift in Sources */ = {isa = PBXBuildFile; fileRef = B6E9411C1C52817B00E853C0 /* Mock.swift */; };
/* End PBXBuildFile section */

/* Begin PBXContainerItemProxy section */
		B6E9410E1C52816A00E853C0 /* PBXContainerItemProxy */ = {
			isa = PBXContainerItemProxy;
			containerPortal = B6E940F91C52816A00E853C0 /* Project object */;
			proxyType = 1;
			remoteGlobalIDString = B6E941011C52816A00E853C0;
			remoteInfo = Mockin;
		};
/* End PBXContainerItemProxy section */

/* Begin PBXFileReference section */
		B6E941021C52816A00E853C0 /* Mockin.framework */ = {isa = PBXFileReference; explicitFileType = wrapper.framework; includeInIndex = 0; path = Mockin.framework; sourceTree = BUILT_PRODUCTS_DIR; };
		B6E941051C52816A00E853C0 /* Mockin.h */ = {isa = PBXFileReference; lastKnownFileType = sourcecode.c.h; path = Mockin.h; sourceTree = "<group>"; };
		B6E941071C52816A00E853C0 /* Info.plist */ = {isa = PBXFileReference; lastKnownFileType = text.plist.xml; path = Info.plist; sourceTree = "<group>"; };
		B6E9410C1C52816A00E853C0 /* MockinTests.xctest */ = {isa = PBXFileReference; explicitFileType = wrapper.cfbundle; includeInIndex = 0; path = MockinTests.xctest; sourceTree = BUILT_PRODUCTS_DIR; };
		B6E941111C52816A00E853C0 /* MockinTests.swift */ = {isa = PBXFileReference; lastKnownFileType = sourcecode.swift; path = MockinTests.swift; sourceTree = "<group>"; };
		B6E941131C52816A00E853C0 /* Info.plist */ = {isa = PBXFileReference; lastKnownFileType = text.plist.xml; path = Info.plist; sourceTree = "<group>"; };
		B6E9411C1C52817B00E853C0 /* Mock.swift */ = {isa = PBXFileReference; fileEncoding = 4; lastKnownFileType = sourcecode.swift; path = Mock.swift; sourceTree = "<group>"; };
/* End PBXFileReference section */

/* Begin PBXFrameworksBuildPhase section */
		B6E940FE1C52816A00E853C0 /* Frameworks */ = {
			isa = PBXFrameworksBuildPhase;
			buildActionMask = 2147483647;
			files = (
			);
			runOnlyForDeploymentPostprocessing = 0;
		};
		B6E941091C52816A00E853C0 /* Frameworks */ = {
			isa = PBXFrameworksBuildPhase;
			buildActionMask = 2147483647;
			files = (
				B6E9410D1C52816A00E853C0 /* Mockin.framework in Frameworks */,
			);
			runOnlyForDeploymentPostprocessing = 0;
		};
/* End PBXFrameworksBuildPhase section */

/* Begin PBXGroup section */
		B6E940F81C52816A00E853C0 = {
			isa = PBXGroup;
			children = (
				B6E941041C52816A00E853C0 /* Mockin */,
				B6E941101C52816A00E853C0 /* MockinTests */,
				B6E941031C52816A00E853C0 /* Products */,
			);
			sourceTree = "<group>";
		};
		B6E941031C52816A00E853C0 /* Products */ = {
			isa = PBXGroup;
			children = (
				B6E941021C52816A00E853C0 /* Mockin.framework */,
				B6E9410C1C52816A00E853C0 /* MockinTests.xctest */,
			);
			name = Products;
			sourceTree = "<group>";
		};
		B6E941041C52816A00E853C0 /* Mockin */ = {
			isa = PBXGroup;
			children = (
				B6E9411C1C52817B00E853C0 /* Mock.swift */,
				B6E941051C52816A00E853C0 /* Mockin.h */,
				B6E941071C52816A00E853C0 /* Info.plist */,
			);
			path = Mockin;
			sourceTree = "<group>";
		};
		B6E941101C52816A00E853C0 /* MockinTests */ = {
			isa = PBXGroup;
			children = (
				B6E941111C52816A00E853C0 /* MockinTests.swift */,
				B6E941131C52816A00E853C0 /* Info.plist */,
			);
			path = MockinTests;
			sourceTree = "<group>";
		};
/* End PBXGroup section */

/* Begin PBXHeadersBuildPhase section */
		B6E940FF1C52816A00E853C0 /* Headers */ = {
			isa = PBXHeadersBuildPhase;
			buildActionMask = 2147483647;
			files = (
				B6E941061C52816A00E853C0 /* Mockin.h in Headers */,
			);
			runOnlyForDeploymentPostprocessing = 0;
		};
/* End PBXHeadersBuildPhase section */

/* Begin PBXNativeTarget section */
		B6E941011C52816A00E853C0 /* Mockin */ = {
			isa = PBXNativeTarget;
			buildConfigurationList = B6E941161C52816A00E853C0 /* Build configuration list for PBXNativeTarget "Mockin" */;
			buildPhases = (
				B6E940FD1C52816A00E853C0 /* Sources */,
				B6E940FE1C52816A00E853C0 /* Frameworks */,
				B6E940FF1C52816A00E853C0 /* Headers */,
				B6E941001C52816A00E853C0 /* Resources */,
			);
			buildRules = (
			);
			dependencies = (
			);
			name = Mockin;
			productName = Mockin;
			productReference = B6E941021C52816A00E853C0 /* Mockin.framework */;
			productType = "com.apple.product-type.framework";
		};
		B6E9410B1C52816A00E853C0 /* MockinTests */ = {
			isa = PBXNativeTarget;
			buildConfigurationList = B6E941191C52816A00E853C0 /* Build configuration list for PBXNativeTarget "MockinTests" */;
			buildPhases = (
				B6E941081C52816A00E853C0 /* Sources */,
				B6E941091C52816A00E853C0 /* Frameworks */,
				B6E9410A1C52816A00E853C0 /* Resources */,
			);
			buildRules = (
			);
			dependencies = (
				B6E9410F1C52816A00E853C0 /* PBXTargetDependency */,
			);
			name = MockinTests;
			productName = MockinTests;
			productReference = B6E9410C1C52816A00E853C0 /* MockinTests.xctest */;
			productType = "com.apple.product-type.bundle.unit-test";
		};
/* End PBXNativeTarget section */

/* Begin PBXProject section */
		B6E940F91C52816A00E853C0 /* Project object */ = {
			isa = PBXProject;
			attributes = {
				LastSwiftUpdateCheck = 0710;
				LastUpgradeCheck = 0710;
				ORGANIZATIONNAME = yukiasai;
				TargetAttributes = {
					B6E941011C52816A00E853C0 = {
						CreatedOnToolsVersion = 7.1.1;
						DevelopmentTeam = NRUDQDRGJZ;
					};
					B6E9410B1C52816A00E853C0 = {
						CreatedOnToolsVersion = 7.1.1;
						DevelopmentTeam = NRUDQDRGJZ;
					};
				};
			};
			buildConfigurationList = B6E940FC1C52816A00E853C0 /* Build configuration list for PBXProject "Mockin" */;
			compatibilityVersion = "Xcode 3.2";
			developmentRegion = English;
			hasScannedForEncodings = 0;
			knownRegions = (
				en,
			);
			mainGroup = B6E940F81C52816A00E853C0;
			productRefGroup = B6E941031C52816A00E853C0 /* Products */;
			projectDirPath = "";
			projectRoot = "";
			targets = (
				B6E941011C52816A00E853C0 /* Mockin */,
				B6E9410B1C52816A00E853C0 /* MockinTests */,
			);
		};
/* End PBXProject section */

/* Begin PBXResourcesBuildPhase section */
		B6E941001C52816A00E853C0 /* Resources */ = {
			isa = PBXResourcesBuildPhase;
			buildActionMask = 2147483647;
			files = (
			);
			runOnlyForDeploymentPostprocessing = 0;
		};
		B6E9410A1C52816A00E853C0 /* Resources */ = {
			isa = PBXResourcesBuildPhase;
			buildActionMask = 2147483647;
			files = (
			);
			runOnlyForDeploymentPostprocessing = 0;
		};
/* End PBXResourcesBuildPhase section */

/* Begin PBXSourcesBuildPhase section */
		B6E940FD1C52816A00E853C0 /* Sources */ = {
			isa = PBXSourcesBuildPhase;
			buildActionMask = 2147483647;
			files = (
				B6E9411D1C52817B00E853C0 /* Mock.swift in Sources */,
			);
			runOnlyForDeploymentPostprocessing = 0;
		};
		B6E941081C52816A00E853C0 /* Sources */ = {
			isa = PBXSourcesBuildPhase;
			buildActionMask = 2147483647;
			files = (
				B6E941121C52816A00E853C0 /* MockinTests.swift in Sources */,
			);
			runOnlyForDeploymentPostprocessing = 0;
		};
/* End PBXSourcesBuildPhase section */

/* Begin PBXTargetDependency section */
		B6E9410F1C52816A00E853C0 /* PBXTargetDependency */ = {
			isa = PBXTargetDependency;
			target = B6E941011C52816A00E853C0 /* Mockin */;
			targetProxy = B6E9410E1C52816A00E853C0 /* PBXContainerItemProxy */;
		};
/* End PBXTargetDependency section */

/* Begin XCBuildConfiguration section */
		B6E941141C52816A00E853C0 /* Debug */ = {
			isa = XCBuildConfiguration;
			buildSettings = {
				ALWAYS_SEARCH_USER_PATHS = NO;
				CLANG_CXX_LANGUAGE_STANDARD = "gnu++0x";
				CLANG_CXX_LIBRARY = "libc++";
				CLANG_ENABLE_MODULES = YES;
				CLANG_ENABLE_OBJC_ARC = YES;
				CLANG_WARN_BOOL_CONVERSION = YES;
				CLANG_WARN_CONSTANT_CONVERSION = YES;
				CLANG_WARN_DIRECT_OBJC_ISA_USAGE = YES_ERROR;
				CLANG_WARN_EMPTY_BODY = YES;
				CLANG_WARN_ENUM_CONVERSION = YES;
				CLANG_WARN_INT_CONVERSION = YES;
				CLANG_WARN_OBJC_ROOT_CLASS = YES_ERROR;
				CLANG_WARN_UNREACHABLE_CODE = YES;
				CLANG_WARN__DUPLICATE_METHOD_MATCH = YES;
				"CODE_SIGN_IDENTITY[sdk=iphoneos*]" = "iPhone Developer";
				COPY_PHASE_STRIP = NO;
				CURRENT_PROJECT_VERSION = 1;
				DEBUG_INFORMATION_FORMAT = dwarf;
				ENABLE_STRICT_OBJC_MSGSEND = YES;
				ENABLE_TESTABILITY = YES;
				GCC_C_LANGUAGE_STANDARD = gnu99;
				GCC_DYNAMIC_NO_PIC = NO;
				GCC_NO_COMMON_BLOCKS = YES;
				GCC_OPTIMIZATION_LEVEL = 0;
				GCC_PREPROCESSOR_DEFINITIONS = (
					"DEBUG=1",
					"$(inherited)",
				);
				GCC_WARN_64_TO_32_BIT_CONVERSION = YES;
				GCC_WARN_ABOUT_RETURN_TYPE = YES_ERROR;
				GCC_WARN_UNDECLARED_SELECTOR = YES;
				GCC_WARN_UNINITIALIZED_AUTOS = YES_AGGRESSIVE;
				GCC_WARN_UNUSED_FUNCTION = YES;
				GCC_WARN_UNUSED_VARIABLE = YES;
				IPHONEOS_DEPLOYMENT_TARGET = 9.1;
				MTL_ENABLE_DEBUG_INFO = YES;
				ONLY_ACTIVE_ARCH = YES;
				SDKROOT = iphoneos;
				SWIFT_OPTIMIZATION_LEVEL = "-Onone";
				TARGETED_DEVICE_FAMILY = "1,2";
				VERSIONING_SYSTEM = "apple-generic";
				VERSION_INFO_PREFIX = "";
			};
			name = Debug;
		};
		B6E941151C52816A00E853C0 /* Release */ = {
			isa = XCBuildConfiguration;
			buildSettings = {
				ALWAYS_SEARCH_USER_PATHS = NO;
				CLANG_CXX_LANGUAGE_STANDARD = "gnu++0x";
				CLANG_CXX_LIBRARY = "libc++";
				CLANG_ENABLE_MODULES = YES;
				CLANG_ENABLE_OBJC_ARC = YES;
				CLANG_WARN_BOOL_CONVERSION = YES;
				CLANG_WARN_CONSTANT_CONVERSION = YES;
				CLANG_WARN_DIRECT_OBJC_ISA_USAGE = YES_ERROR;
				CLANG_WARN_EMPTY_BODY = YES;
				CLANG_WARN_ENUM_CONVERSION = YES;
				CLANG_WARN_INT_CONVERSION = YES;
				CLANG_WARN_OBJC_ROOT_CLASS = YES_ERROR;
				CLANG_WARN_UNREACHABLE_CODE = YES;
				CLANG_WARN__DUPLICATE_METHOD_MATCH = YES;
				"CODE_SIGN_IDENTITY[sdk=iphoneos*]" = "iPhone Developer";
				COPY_PHASE_STRIP = NO;
				CURRENT_PROJECT_VERSION = 1;
				DEBUG_INFORMATION_FORMAT = "dwarf-with-dsym";
				ENABLE_NS_ASSERTIONS = NO;
				ENABLE_STRICT_OBJC_MSGSEND = YES;
				GCC_C_LANGUAGE_STANDARD = gnu99;
				GCC_NO_COMMON_BLOCKS = YES;
				GCC_WARN_64_TO_32_BIT_CONVERSION = YES;
				GCC_WARN_ABOUT_RETURN_TYPE = YES_ERROR;
				GCC_WARN_UNDECLARED_SELECTOR = YES;
				GCC_WARN_UNINITIALIZED_AUTOS = YES_AGGRESSIVE;
				GCC_WARN_UNUSED_FUNCTION = YES;
				GCC_WARN_UNUSED_VARIABLE = YES;
				IPHONEOS_DEPLOYMENT_TARGET = 9.1;
				MTL_ENABLE_DEBUG_INFO = NO;
				SDKROOT = iphoneos;
				TARGETED_DEVICE_FAMILY = "1,2";
				VALIDATE_PRODUCT = YES;
				VERSIONING_SYSTEM = "apple-generic";
				VERSION_INFO_PREFIX = "";
			};
			name = Release;
		};
		B6E941171C52816A00E853C0 /* Debug */ = {
			isa = XCBuildConfiguration;
			buildSettings = {
				CLANG_ENABLE_MODULES = YES;
				DEFINES_MODULE = YES;
				DYLIB_COMPATIBILITY_VERSION = 1;
				DYLIB_CURRENT_VERSION = 1;
				DYLIB_INSTALL_NAME_BASE = "@rpath";
				INFOPLIST_FILE = Mockin/Info.plist;
				INSTALL_PATH = "$(LOCAL_LIBRARY_DIR)/Frameworks";
				LD_RUNPATH_SEARCH_PATHS = "$(inherited) @executable_path/Frameworks @loader_path/Frameworks";
				PRODUCT_BUNDLE_IDENTIFIER = yukiasai.Mockin;
				PRODUCT_NAME = "$(TARGET_NAME)";
				SKIP_INSTALL = YES;
				SWIFT_OPTIMIZATION_LEVEL = "-Onone";
			};
			name = Debug;
		};
		B6E941181C52816A00E853C0 /* Release */ = {
			isa = XCBuildConfiguration;
			buildSettings = {
				CLANG_ENABLE_MODULES = YES;
				DEFINES_MODULE = YES;
				DYLIB_COMPATIBILITY_VERSION = 1;
				DYLIB_CURRENT_VERSION = 1;
				DYLIB_INSTALL_NAME_BASE = "@rpath";
				INFOPLIST_FILE = Mockin/Info.plist;
				INSTALL_PATH = "$(LOCAL_LIBRARY_DIR)/Frameworks";
				LD_RUNPATH_SEARCH_PATHS = "$(inherited) @executable_path/Frameworks @loader_path/Frameworks";
				PRODUCT_BUNDLE_IDENTIFIER = yukiasai.Mockin;
				PRODUCT_NAME = "$(TARGET_NAME)";
				SKIP_INSTALL = YES;
			};
			name = Release;
		};
		B6E9411A1C52816A00E853C0 /* Debug */ = {
			isa = XCBuildConfiguration;
			buildSettings = {
				INFOPLIST_FILE = MockinTests/Info.plist;
				LD_RUNPATH_SEARCH_PATHS = "$(inherited) @executable_path/Frameworks @loader_path/Frameworks";
				PRODUCT_BUNDLE_IDENTIFIER = yukiasai.MockinTests;
				PRODUCT_NAME = "$(TARGET_NAME)";
			};
			name = Debug;
		};
		B6E9411B1C52816A00E853C0 /* Release */ = {
			isa = XCBuildConfiguration;
			buildSettings = {
				INFOPLIST_FILE = MockinTests/Info.plist;
				LD_RUNPATH_SEARCH_PATHS = "$(inherited) @executable_path/Frameworks @loader_path/Frameworks";
				PRODUCT_BUNDLE_IDENTIFIER = yukiasai.MockinTests;
				PRODUCT_NAME = "$(TARGET_NAME)";
			};
			name = Release;
		};
/* End XCBuildConfiguration section */

/* Begin XCConfigurationList section */
		B6E940FC1C52816A00E853C0 /* Build configuration list for PBXProject "Mockin" */ = {
			isa = XCConfigurationList;
			buildConfigurations = (
				B6E941141C52816A00E853C0 /* Debug */,
				B6E941151C52816A00E853C0 /* Release */,
			);
			defaultConfigurationIsVisible = 0;
			defaultConfigurationName = Release;
		};
		B6E941161C52816A00E853C0 /* Build configuration list for PBXNativeTarget "Mockin" */ = {
			isa = XCConfigurationList;
			buildConfigurations = (
				B6E941171C52816A00E853C0 /* Debug */,
				B6E941181C52816A00E853C0 /* Release */,
			);
			defaultConfigurationIsVisible = 0;
		};
		B6E941191C52816A00E853C0 /* Build configuration list for PBXNativeTarget "MockinTests" */ = {
			isa = XCConfigurationList;
			buildConfigurations = (
				B6E9411A1C52816A00E853C0 /* Debug */,
				B6E9411B1C52816A00E853C0 /* Release */,
			);
			defaultConfigurationIsVisible = 0;
		};
/* End XCConfigurationList section */
	};
	rootObject = B6E940F91C52816A00E853C0 /* Project object */;
}
